// !$*UTF8*$!
{
	archiveVersion = 1;
	classes = {
	};
	objectVersion = 56;
	objects = {

/* Begin PBXBuildFile section */
		6C95B3E62AA6F66700B28643 /* simple_chatApp.swift in Sources */ = {isa = PBXBuildFile; fileRef = 6C95B3E52AA6F66700B28643 /* simple_chatApp.swift */; };
		6C95B3E82AA6F66700B28643 /* ContentView.swift in Sources */ = {isa = PBXBuildFile; fileRef = 6C95B3E72AA6F66700B28643 /* ContentView.swift */; };
		6C95B3EA2AA6F66800B28643 /* Assets.xcassets in Resources */ = {isa = PBXBuildFile; fileRef = 6C95B3E92AA6F66800B28643 /* Assets.xcassets */; };
		6C95B3ED2AA6F66800B28643 /* Preview Assets.xcassets in Resources */ = {isa = PBXBuildFile; fileRef = 6C95B3EC2AA6F66800B28643 /* Preview Assets.xcassets */; };
		6C95B3F72AA6F6B400B28643 /* SQLite in Frameworks */ = {isa = PBXBuildFile; productRef = 6C95B3F62AA6F6B400B28643 /* SQLite */; };
		6C95B3FA2AA6F6CB00B28643 /* XMPPFramework in Frameworks */ = {isa = PBXBuildFile; productRef = 6C95B3F92AA6F6CB00B28643 /* XMPPFramework */; };
		6C95B3FC2AA6F6CB00B28643 /* XMPPFrameworkSwift in Frameworks */ = {isa = PBXBuildFile; productRef = 6C95B3FB2AA6F6CB00B28643 /* XMPPFrameworkSwift */; };
		6C95B3FE2AA6F70A00B28643 /* ChatAppDataModel.swift in Sources */ = {isa = PBXBuildFile; fileRef = 6C95B3FD2AA6F70A00B28643 /* ChatAppDataModel.swift */; };
		6C95B4022AA6F72B00B28643 /* SQLiteManager.swift in Sources */ = {isa = PBXBuildFile; fileRef = 6C95B4012AA6F72B00B28643 /* SQLiteManager.swift */; };
		6C95B4042AA6F72E00B28643 /* TestCahtsView.swift in Sources */ = {isa = PBXBuildFile; fileRef = 6C95B4032AA6F72E00B28643 /* TestCahtsView.swift */; };
		6C95B4062AA6F73300B28643 /* XMPPManager.swift in Sources */ = {isa = PBXBuildFile; fileRef = 6C95B4052AA6F73300B28643 /* XMPPManager.swift */; };
		6C95B4092AA6FAE100B28643 /* ContactView.swift in Sources */ = {isa = PBXBuildFile; fileRef = 6C95B4082AA6FAE100B28643 /* ContactView.swift */; };
		6C95B40B2AA6FB0D00B28643 /* ChatView.swift in Sources */ = {isa = PBXBuildFile; fileRef = 6C95B40A2AA6FB0D00B28643 /* ChatView.swift */; };
		6C95B40D2AA6FC2A00B28643 /* LoginView.swift in Sources */ = {isa = PBXBuildFile; fileRef = 6C95B40C2AA6FC2A00B28643 /* LoginView.swift */; };
		6C95B40F2AA719E600B28643 /* XMPPService.swift in Sources */ = {isa = PBXBuildFile; fileRef = 6C95B40E2AA719E600B28643 /* XMPPService.swift */; };
		6C95B4112AA7E2A500B28643 /* CreateGroupView.swift in Sources */ = {isa = PBXBuildFile; fileRef = 6C95B4102AA7E2A500B28643 /* CreateGroupView.swift */; };
		6C95B4132AA7FC1B00B28643 /* GroupChatVIew.swift in Sources */ = {isa = PBXBuildFile; fileRef = 6C95B4122AA7FC1A00B28643 /* GroupChatVIew.swift */; };
		6CCF29682AA9B37100C739A8 /* SQLChatGroups.swift in Sources */ = {isa = PBXBuildFile; fileRef = 6CCF29672AA9B37100C739A8 /* SQLChatGroups.swift */; };
		6CCF296B2AA9CB3600C739A8 /* GroupChatViewModel.swift in Sources */ = {isa = PBXBuildFile; fileRef = 6CCF296A2AA9CB3600C739A8 /* GroupChatViewModel.swift */; };
		6CCF296D2AAACE6F00C739A8 /* ChatViewModel.swift in Sources */ = {isa = PBXBuildFile; fileRef = 6CCF296C2AAACE6F00C739A8 /* ChatViewModel.swift */; };
		6CCF296F2AAAE72400C739A8 /* TemChatModel.swift in Sources */ = {isa = PBXBuildFile; fileRef = 6CCF296E2AAAE72400C739A8 /* TemChatModel.swift */; };
		6CCF29712AAAE97000C739A8 /* MessageCell.swift in Sources */ = {isa = PBXBuildFile; fileRef = 6CCF29702AAAE97000C739A8 /* MessageCell.swift */; };
/* End PBXBuildFile section */

/* Begin PBXFileReference section */
		6C95B3E22AA6F66700B28643 /* simple-chat.app */ = {isa = PBXFileReference; explicitFileType = wrapper.application; includeInIndex = 0; path = "simple-chat.app"; sourceTree = BUILT_PRODUCTS_DIR; };
		6C95B3E52AA6F66700B28643 /* simple_chatApp.swift */ = {isa = PBXFileReference; lastKnownFileType = sourcecode.swift; path = simple_chatApp.swift; sourceTree = "<group>"; };
		6C95B3E72AA6F66700B28643 /* ContentView.swift */ = {isa = PBXFileReference; lastKnownFileType = sourcecode.swift; path = ContentView.swift; sourceTree = "<group>"; };
		6C95B3E92AA6F66800B28643 /* Assets.xcassets */ = {isa = PBXFileReference; lastKnownFileType = folder.assetcatalog; path = Assets.xcassets; sourceTree = "<group>"; };
		6C95B3EC2AA6F66800B28643 /* Preview Assets.xcassets */ = {isa = PBXFileReference; lastKnownFileType = folder.assetcatalog; path = "Preview Assets.xcassets"; sourceTree = "<group>"; };
		6C95B3FD2AA6F70A00B28643 /* ChatAppDataModel.swift */ = {isa = PBXFileReference; fileEncoding = 4; lastKnownFileType = sourcecode.swift; path = ChatAppDataModel.swift; sourceTree = "<group>"; };
		6C95B4012AA6F72B00B28643 /* SQLiteManager.swift */ = {isa = PBXFileReference; lastKnownFileType = sourcecode.swift; path = SQLiteManager.swift; sourceTree = "<group>"; };
		6C95B4032AA6F72E00B28643 /* TestCahtsView.swift */ = {isa = PBXFileReference; lastKnownFileType = sourcecode.swift; path = TestCahtsView.swift; sourceTree = "<group>"; };
		6C95B4052AA6F73300B28643 /* XMPPManager.swift */ = {isa = PBXFileReference; lastKnownFileType = sourcecode.swift; path = XMPPManager.swift; sourceTree = "<group>"; };
		6C95B4082AA6FAE100B28643 /* ContactView.swift */ = {isa = PBXFileReference; lastKnownFileType = sourcecode.swift; path = ContactView.swift; sourceTree = "<group>"; };
		6C95B40A2AA6FB0D00B28643 /* ChatView.swift */ = {isa = PBXFileReference; lastKnownFileType = sourcecode.swift; path = ChatView.swift; sourceTree = "<group>"; };
		6C95B40C2AA6FC2A00B28643 /* LoginView.swift */ = {isa = PBXFileReference; lastKnownFileType = sourcecode.swift; path = LoginView.swift; sourceTree = "<group>"; };
		6C95B40E2AA719E600B28643 /* XMPPService.swift */ = {isa = PBXFileReference; lastKnownFileType = sourcecode.swift; path = XMPPService.swift; sourceTree = "<group>"; };
		6C95B4102AA7E2A500B28643 /* CreateGroupView.swift */ = {isa = PBXFileReference; lastKnownFileType = sourcecode.swift; path = CreateGroupView.swift; sourceTree = "<group>"; };
		6C95B4122AA7FC1A00B28643 /* GroupChatVIew.swift */ = {isa = PBXFileReference; lastKnownFileType = sourcecode.swift; path = GroupChatVIew.swift; sourceTree = "<group>"; };
		6CCF29672AA9B37100C739A8 /* SQLChatGroups.swift */ = {isa = PBXFileReference; lastKnownFileType = sourcecode.swift; path = SQLChatGroups.swift; sourceTree = "<group>"; };
		6CCF296A2AA9CB3600C739A8 /* GroupChatViewModel.swift */ = {isa = PBXFileReference; lastKnownFileType = sourcecode.swift; path = GroupChatViewModel.swift; sourceTree = "<group>"; };
		6CCF296C2AAACE6F00C739A8 /* ChatViewModel.swift */ = {isa = PBXFileReference; lastKnownFileType = sourcecode.swift; path = ChatViewModel.swift; sourceTree = "<group>"; };
		6CCF296E2AAAE72400C739A8 /* TemChatModel.swift */ = {isa = PBXFileReference; lastKnownFileType = sourcecode.swift; path = TemChatModel.swift; sourceTree = "<group>"; };
		6CCF29702AAAE97000C739A8 /* MessageCell.swift */ = {isa = PBXFileReference; lastKnownFileType = sourcecode.swift; path = MessageCell.swift; sourceTree = "<group>"; };
/* End PBXFileReference section */

/* Begin PBXFrameworksBuildPhase section */
		6C95B3DF2AA6F66700B28643 /* Frameworks */ = {
			isa = PBXFrameworksBuildPhase;
			buildActionMask = 2147483647;
			files = (
				6C95B3FC2AA6F6CB00B28643 /* XMPPFrameworkSwift in Frameworks */,
				6C95B3FA2AA6F6CB00B28643 /* XMPPFramework in Frameworks */,
				6C95B3F72AA6F6B400B28643 /* SQLite in Frameworks */,
			);
			runOnlyForDeploymentPostprocessing = 0;
		};
/* End PBXFrameworksBuildPhase section */

/* Begin PBXGroup section */
		6C95B3D92AA6F66700B28643 = {
			isa = PBXGroup;
			children = (
				6C95B3E42AA6F66700B28643 /* simple-chat */,
				6C95B3E32AA6F66700B28643 /* Products */,
			);
			sourceTree = "<group>";
		};
		6C95B3E32AA6F66700B28643 /* Products */ = {
			isa = PBXGroup;
			children = (
				6C95B3E22AA6F66700B28643 /* simple-chat.app */,
			);
			name = Products;
			sourceTree = "<group>";
		};
		6C95B3E42AA6F66700B28643 /* simple-chat */ = {
			isa = PBXGroup;
			children = (
				6CCF29692AA9CB2600C739A8 /* ViewModel */,
				6CCF29662AA9B35200C739A8 /* Database */,
				6C95B4072AA6FA3B00B28643 /* View */,
				6C95B4052AA6F73300B28643 /* XMPPManager.swift */,
				6C95B4032AA6F72E00B28643 /* TestCahtsView.swift */,
				6C95B3FD2AA6F70A00B28643 /* ChatAppDataModel.swift */,
				6C95B3E52AA6F66700B28643 /* simple_chatApp.swift */,
				6C95B3E72AA6F66700B28643 /* ContentView.swift */,
				6C95B3E92AA6F66800B28643 /* Assets.xcassets */,
				6C95B3EB2AA6F66800B28643 /* Preview Content */,
				6C95B40E2AA719E600B28643 /* XMPPService.swift */,
			);
			path = "simple-chat";
			sourceTree = "<group>";
		};
		6C95B3EB2AA6F66800B28643 /* Preview Content */ = {
			isa = PBXGroup;
			children = (
				6C95B3EC2AA6F66800B28643 /* Preview Assets.xcassets */,
			);
			path = "Preview Content";
			sourceTree = "<group>";
		};
		6C95B4072AA6FA3B00B28643 /* View */ = {
			isa = PBXGroup;
			children = (
				6C95B4082AA6FAE100B28643 /* ContactView.swift */,
				6C95B40A2AA6FB0D00B28643 /* ChatView.swift */,
				6C95B40C2AA6FC2A00B28643 /* LoginView.swift */,
				6C95B4102AA7E2A500B28643 /* CreateGroupView.swift */,
				6C95B4122AA7FC1A00B28643 /* GroupChatVIew.swift */,
				6CCF29702AAAE97000C739A8 /* MessageCell.swift */,
			);
			path = View;
			sourceTree = "<group>";
		};
		6CCF29662AA9B35200C739A8 /* Database */ = {
			isa = PBXGroup;
			children = (
				6C95B4012AA6F72B00B28643 /* SQLiteManager.swift */,
				6CCF29672AA9B37100C739A8 /* SQLChatGroups.swift */,
			);
			path = Database;
			sourceTree = "<group>";
		};
		6CCF29692AA9CB2600C739A8 /* ViewModel */ = {
			isa = PBXGroup;
			children = (
				6CCF296A2AA9CB3600C739A8 /* GroupChatViewModel.swift */,
				6CCF296C2AAACE6F00C739A8 /* ChatViewModel.swift */,
				6CCF296E2AAAE72400C739A8 /* TemChatModel.swift */,
			);
			path = ViewModel;
			sourceTree = "<group>";
		};
/* End PBXGroup section */

/* Begin PBXNativeTarget section */
		6C95B3E12AA6F66700B28643 /* simple-chat */ = {
			isa = PBXNativeTarget;
			buildConfigurationList = 6C95B3F02AA6F66800B28643 /* Build configuration list for PBXNativeTarget "simple-chat" */;
			buildPhases = (
				6C95B3DE2AA6F66700B28643 /* Sources */,
				6C95B3DF2AA6F66700B28643 /* Frameworks */,
				6C95B3E02AA6F66700B28643 /* Resources */,
			);
			buildRules = (
			);
			dependencies = (
			);
			name = "simple-chat";
			packageProductDependencies = (
				6C95B3F62AA6F6B400B28643 /* SQLite */,
				6C95B3F92AA6F6CB00B28643 /* XMPPFramework */,
				6C95B3FB2AA6F6CB00B28643 /* XMPPFrameworkSwift */,
			);
			productName = "simple-chat";
			productReference = 6C95B3E22AA6F66700B28643 /* simple-chat.app */;
			productType = "com.apple.product-type.application";
		};
/* End PBXNativeTarget section */

/* Begin PBXProject section */
		6C95B3DA2AA6F66700B28643 /* Project object */ = {
			isa = PBXProject;
			attributes = {
				BuildIndependentTargetsInParallel = 1;
				LastSwiftUpdateCheck = 1430;
				LastUpgradeCheck = 1430;
				TargetAttributes = {
					6C95B3E12AA6F66700B28643 = {
						CreatedOnToolsVersion = 14.3.1;
					};
				};
			};
			buildConfigurationList = 6C95B3DD2AA6F66700B28643 /* Build configuration list for PBXProject "simple-chat" */;
			compatibilityVersion = "Xcode 14.0";
			developmentRegion = en;
			hasScannedForEncodings = 0;
			knownRegions = (
				en,
				Base,
			);
			mainGroup = 6C95B3D92AA6F66700B28643;
			packageReferences = (
				6C95B3F52AA6F6B400B28643 /* XCRemoteSwiftPackageReference "SQLite.swift" */,
				6C95B3F82AA6F6CB00B28643 /* XCRemoteSwiftPackageReference "XMPPFramework" */,
			);
			productRefGroup = 6C95B3E32AA6F66700B28643 /* Products */;
			projectDirPath = "";
			projectRoot = "";
			targets = (
				6C95B3E12AA6F66700B28643 /* simple-chat */,
			);
		};
/* End PBXProject section */

/* Begin PBXResourcesBuildPhase section */
		6C95B3E02AA6F66700B28643 /* Resources */ = {
			isa = PBXResourcesBuildPhase;
			buildActionMask = 2147483647;
			files = (
				6C95B3ED2AA6F66800B28643 /* Preview Assets.xcassets in Resources */,
				6C95B3EA2AA6F66800B28643 /* Assets.xcassets in Resources */,
			);
			runOnlyForDeploymentPostprocessing = 0;
		};
/* End PBXResourcesBuildPhase section */

/* Begin PBXSourcesBuildPhase section */
		6C95B3DE2AA6F66700B28643 /* Sources */ = {
			isa = PBXSourcesBuildPhase;
			buildActionMask = 2147483647;
			files = (
				6C95B3E82AA6F66700B28643 /* ContentView.swift in Sources */,
				6C95B4042AA6F72E00B28643 /* TestCahtsView.swift in Sources */,
				6C95B4132AA7FC1B00B28643 /* GroupChatVIew.swift in Sources */,
				6C95B40F2AA719E600B28643 /* XMPPService.swift in Sources */,
				6CCF296F2AAAE72400C739A8 /* TemChatModel.swift in Sources */,
				6C95B4062AA6F73300B28643 /* XMPPManager.swift in Sources */,
				6CCF29682AA9B37100C739A8 /* SQLChatGroups.swift in Sources */,
				6CCF296B2AA9CB3600C739A8 /* GroupChatViewModel.swift in Sources */,
				6C95B40D2AA6FC2A00B28643 /* LoginView.swift in Sources */,
				6C95B4112AA7E2A500B28643 /* CreateGroupView.swift in Sources */,
				6C95B3E62AA6F66700B28643 /* simple_chatApp.swift in Sources */,
				6C95B40B2AA6FB0D00B28643 /* ChatView.swift in Sources */,
				6C95B4092AA6FAE100B28643 /* ContactView.swift in Sources */,
				6CCF29712AAAE97000C739A8 /* MessageCell.swift in Sources */,
				6C95B3FE2AA6F70A00B28643 /* ChatAppDataModel.swift in Sources */,
				6CCF296D2AAACE6F00C739A8 /* ChatViewModel.swift in Sources */,
				6C95B4022AA6F72B00B28643 /* SQLiteManager.swift in Sources */,
			);
			runOnlyForDeploymentPostprocessing = 0;
		};
/* End PBXSourcesBuildPhase section */

/* Begin XCBuildConfiguration section */
		6C95B3EE2AA6F66800B28643 /* Debug */ = {
			isa = XCBuildConfiguration;
			buildSettings = {
				ALWAYS_SEARCH_USER_PATHS = NO;
				CLANG_ANALYZER_NONNULL = YES;
				CLANG_ANALYZER_NUMBER_OBJECT_CONVERSION = YES_AGGRESSIVE;
				CLANG_CXX_LANGUAGE_STANDARD = "gnu++20";
				CLANG_ENABLE_MODULES = YES;
				CLANG_ENABLE_OBJC_ARC = YES;
				CLANG_ENABLE_OBJC_WEAK = YES;
				CLANG_WARN_BLOCK_CAPTURE_AUTORELEASING = YES;
				CLANG_WARN_BOOL_CONVERSION = YES;
				CLANG_WARN_COMMA = YES;
				CLANG_WARN_CONSTANT_CONVERSION = YES;
				CLANG_WARN_DEPRECATED_OBJC_IMPLEMENTATIONS = YES;
				CLANG_WARN_DIRECT_OBJC_ISA_USAGE = YES_ERROR;
				CLANG_WARN_DOCUMENTATION_COMMENTS = YES;
				CLANG_WARN_EMPTY_BODY = YES;
				CLANG_WARN_ENUM_CONVERSION = YES;
				CLANG_WARN_INFINITE_RECURSION = YES;
				CLANG_WARN_INT_CONVERSION = YES;
				CLANG_WARN_NON_LITERAL_NULL_CONVERSION = YES;
				CLANG_WARN_OBJC_IMPLICIT_RETAIN_SELF = YES;
				CLANG_WARN_OBJC_LITERAL_CONVERSION = YES;
				CLANG_WARN_OBJC_ROOT_CLASS = YES_ERROR;
				CLANG_WARN_QUOTED_INCLUDE_IN_FRAMEWORK_HEADER = YES;
				CLANG_WARN_RANGE_LOOP_ANALYSIS = YES;
				CLANG_WARN_STRICT_PROTOTYPES = YES;
				CLANG_WARN_SUSPICIOUS_MOVE = YES;
				CLANG_WARN_UNGUARDED_AVAILABILITY = YES_AGGRESSIVE;
				CLANG_WARN_UNREACHABLE_CODE = YES;
				CLANG_WARN__DUPLICATE_METHOD_MATCH = YES;
				COPY_PHASE_STRIP = NO;
				DEBUG_INFORMATION_FORMAT = dwarf;
				ENABLE_STRICT_OBJC_MSGSEND = YES;
				ENABLE_TESTABILITY = YES;
				GCC_C_LANGUAGE_STANDARD = gnu11;
				GCC_DYNAMIC_NO_PIC = NO;
				GCC_NO_COMMON_BLOCKS = YES;
				GCC_OPTIMIZATION_LEVEL = 0;
				GCC_PREPROCESSOR_DEFINITIONS = (
					"DEBUG=1",
					"$(inherited)",
				);
				GCC_WARN_64_TO_32_BIT_CONVERSION = YES;
				GCC_WARN_ABOUT_RETURN_TYPE = YES_ERROR;
				GCC_WARN_UNDECLARED_SELECTOR = YES;
				GCC_WARN_UNINITIALIZED_AUTOS = YES_AGGRESSIVE;
				GCC_WARN_UNUSED_FUNCTION = YES;
				GCC_WARN_UNUSED_VARIABLE = YES;
				IPHONEOS_DEPLOYMENT_TARGET = 16.4;
				MTL_ENABLE_DEBUG_INFO = INCLUDE_SOURCE;
				MTL_FAST_MATH = YES;
				ONLY_ACTIVE_ARCH = YES;
				SDKROOT = iphoneos;
				SWIFT_ACTIVE_COMPILATION_CONDITIONS = DEBUG;
				SWIFT_OPTIMIZATION_LEVEL = "-Onone";
			};
			name = Debug;
		};
		6C95B3EF2AA6F66800B28643 /* Release */ = {
			isa = XCBuildConfiguration;
			buildSettings = {
				ALWAYS_SEARCH_USER_PATHS = NO;
				CLANG_ANALYZER_NONNULL = YES;
				CLANG_ANALYZER_NUMBER_OBJECT_CONVERSION = YES_AGGRESSIVE;
				CLANG_CXX_LANGUAGE_STANDARD = "gnu++20";
				CLANG_ENABLE_MODULES = YES;
				CLANG_ENABLE_OBJC_ARC = YES;
				CLANG_ENABLE_OBJC_WEAK = YES;
				CLANG_WARN_BLOCK_CAPTURE_AUTORELEASING = YES;
				CLANG_WARN_BOOL_CONVERSION = YES;
				CLANG_WARN_COMMA = YES;
				CLANG_WARN_CONSTANT_CONVERSION = YES;
				CLANG_WARN_DEPRECATED_OBJC_IMPLEMENTATIONS = YES;
				CLANG_WARN_DIRECT_OBJC_ISA_USAGE = YES_ERROR;
				CLANG_WARN_DOCUMENTATION_COMMENTS = YES;
				CLANG_WARN_EMPTY_BODY = YES;
				CLANG_WARN_ENUM_CONVERSION = YES;
				CLANG_WARN_INFINITE_RECURSION = YES;
				CLANG_WARN_INT_CONVERSION = YES;
				CLANG_WARN_NON_LITERAL_NULL_CONVERSION = YES;
				CLANG_WARN_OBJC_IMPLICIT_RETAIN_SELF = YES;
				CLANG_WARN_OBJC_LITERAL_CONVERSION = YES;
				CLANG_WARN_OBJC_ROOT_CLASS = YES_ERROR;
				CLANG_WARN_QUOTED_INCLUDE_IN_FRAMEWORK_HEADER = YES;
				CLANG_WARN_RANGE_LOOP_ANALYSIS = YES;
				CLANG_WARN_STRICT_PROTOTYPES = YES;
				CLANG_WARN_SUSPICIOUS_MOVE = YES;
				CLANG_WARN_UNGUARDED_AVAILABILITY = YES_AGGRESSIVE;
				CLANG_WARN_UNREACHABLE_CODE = YES;
				CLANG_WARN__DUPLICATE_METHOD_MATCH = YES;
				COPY_PHASE_STRIP = NO;
				DEBUG_INFORMATION_FORMAT = "dwarf-with-dsym";
				ENABLE_NS_ASSERTIONS = NO;
				ENABLE_STRICT_OBJC_MSGSEND = YES;
				GCC_C_LANGUAGE_STANDARD = gnu11;
				GCC_NO_COMMON_BLOCKS = YES;
				GCC_WARN_64_TO_32_BIT_CONVERSION = YES;
				GCC_WARN_ABOUT_RETURN_TYPE = YES_ERROR;
				GCC_WARN_UNDECLARED_SELECTOR = YES;
				GCC_WARN_UNINITIALIZED_AUTOS = YES_AGGRESSIVE;
				GCC_WARN_UNUSED_FUNCTION = YES;
				GCC_WARN_UNUSED_VARIABLE = YES;
				IPHONEOS_DEPLOYMENT_TARGET = 16.4;
				MTL_ENABLE_DEBUG_INFO = NO;
				MTL_FAST_MATH = YES;
				SDKROOT = iphoneos;
				SWIFT_COMPILATION_MODE = wholemodule;
				SWIFT_OPTIMIZATION_LEVEL = "-O";
				VALIDATE_PRODUCT = YES;
			};
			name = Release;
		};
		6C95B3F12AA6F66800B28643 /* Debug */ = {
			isa = XCBuildConfiguration;
			buildSettings = {
				ASSETCATALOG_COMPILER_APPICON_NAME = AppIcon;
				ASSETCATALOG_COMPILER_GLOBAL_ACCENT_COLOR_NAME = AccentColor;
				CODE_SIGN_STYLE = Automatic;
				CURRENT_PROJECT_VERSION = 1;
				DEVELOPMENT_ASSET_PATHS = "\"simple-chat/Preview Content\"";
				DEVELOPMENT_TEAM = T35Y69277T;
				ENABLE_PREVIEWS = YES;
				GENERATE_INFOPLIST_FILE = YES;
				INFOPLIST_KEY_UIApplicationSceneManifest_Generation = YES;
				INFOPLIST_KEY_UIApplicationSupportsIndirectInputEvents = YES;
				INFOPLIST_KEY_UILaunchScreen_Generation = YES;
				INFOPLIST_KEY_UISupportedInterfaceOrientations_iPad = "UIInterfaceOrientationPortrait UIInterfaceOrientationPortraitUpsideDown UIInterfaceOrientationLandscapeLeft UIInterfaceOrientationLandscapeRight";
				INFOPLIST_KEY_UISupportedInterfaceOrientations_iPhone = "UIInterfaceOrientationPortrait UIInterfaceOrientationLandscapeLeft UIInterfaceOrientationLandscapeRight";
				IPHONEOS_DEPLOYMENT_TARGET = 15.0;
				LD_RUNPATH_SEARCH_PATHS = (
					"$(inherited)",
					"@executable_path/Frameworks",
				);
				MARKETING_VERSION = 1.0;
				PRODUCT_BUNDLE_IDENTIFIER = "com.waafi.simple-chat";
				PRODUCT_NAME = "$(TARGET_NAME)";
				SWIFT_EMIT_LOC_STRINGS = YES;
				SWIFT_VERSION = 5.0;
				TARGETED_DEVICE_FAMILY = "1,2";
			};
			name = Debug;
		};
		6C95B3F22AA6F66800B28643 /* Release */ = {
			isa = XCBuildConfiguration;
			buildSettings = {
				ASSETCATALOG_COMPILER_APPICON_NAME = AppIcon;
				ASSETCATALOG_COMPILER_GLOBAL_ACCENT_COLOR_NAME = AccentColor;
				CODE_SIGN_STYLE = Automatic;
				CURRENT_PROJECT_VERSION = 1;
				DEVELOPMENT_ASSET_PATHS = "\"simple-chat/Preview Content\"";
				DEVELOPMENT_TEAM = T35Y69277T;
				ENABLE_PREVIEWS = YES;
				GENERATE_INFOPLIST_FILE = YES;
				INFOPLIST_KEY_UIApplicationSceneManifest_Generation = YES;
				INFOPLIST_KEY_UIApplicationSupportsIndirectInputEvents = YES;
				INFOPLIST_KEY_UILaunchScreen_Generation = YES;
				INFOPLIST_KEY_UISupportedInterfaceOrientations_iPad = "UIInterfaceOrientationPortrait UIInterfaceOrientationPortraitUpsideDown UIInterfaceOrientationLandscapeLeft UIInterfaceOrientationLandscapeRight";
				INFOPLIST_KEY_UISupportedInterfaceOrientations_iPhone = "UIInterfaceOrientationPortrait UIInterfaceOrientationLandscapeLeft UIInterfaceOrientationLandscapeRight";
				IPHONEOS_DEPLOYMENT_TARGET = 15.0;
				LD_RUNPATH_SEARCH_PATHS = (
					"$(inherited)",
					"@executable_path/Frameworks",
				);
				MARKETING_VERSION = 1.0;
				PRODUCT_BUNDLE_IDENTIFIER = "com.waafi.simple-chat";
				PRODUCT_NAME = "$(TARGET_NAME)";
				SWIFT_EMIT_LOC_STRINGS = YES;
				SWIFT_VERSION = 5.0;
				TARGETED_DEVICE_FAMILY = "1,2";
			};
			name = Release;
		};
/* End XCBuildConfiguration section */

/* Begin XCConfigurationList section */
		6C95B3DD2AA6F66700B28643 /* Build configuration list for PBXProject "simple-chat" */ = {
			isa = XCConfigurationList;
			buildConfigurations = (
				6C95B3EE2AA6F66800B28643 /* Debug */,
				6C95B3EF2AA6F66800B28643 /* Release */,
			);
			defaultConfigurationIsVisible = 0;
			defaultConfigurationName = Release;
		};
		6C95B3F02AA6F66800B28643 /* Build configuration list for PBXNativeTarget "simple-chat" */ = {
			isa = XCConfigurationList;
			buildConfigurations = (
				6C95B3F12AA6F66800B28643 /* Debug */,
				6C95B3F22AA6F66800B28643 /* Release */,
			);
			defaultConfigurationIsVisible = 0;
			defaultConfigurationName = Release;
		};
/* End XCConfigurationList section */

/* Begin XCRemoteSwiftPackageReference section */
		6C95B3F52AA6F6B400B28643 /* XCRemoteSwiftPackageReference "SQLite.swift" */ = {
			isa = XCRemoteSwiftPackageReference;
			repositoryURL = "https://github.com/stephencelis/SQLite.swift.git";
			requirement = {
				kind = upToNextMajorVersion;
				minimumVersion = 0.14.1;
			};
		};
		6C95B3F82AA6F6CB00B28643 /* XCRemoteSwiftPackageReference "XMPPFramework" */ = {
			isa = XCRemoteSwiftPackageReference;
			repositoryURL = "https://github.com/robbiehanson/XMPPFramework.git";
			requirement = {
				kind = upToNextMajorVersion;
				minimumVersion = 4.0.0;
			};
		};
/* End XCRemoteSwiftPackageReference section */

/* Begin XCSwiftPackageProductDependency section */
		6C95B3F62AA6F6B400B28643 /* SQLite */ = {
			isa = XCSwiftPackageProductDependency;
			package = 6C95B3F52AA6F6B400B28643 /* XCRemoteSwiftPackageReference "SQLite.swift" */;
			productName = SQLite;
		};
		6C95B3F92AA6F6CB00B28643 /* XMPPFramework */ = {
			isa = XCSwiftPackageProductDependency;
			package = 6C95B3F82AA6F6CB00B28643 /* XCRemoteSwiftPackageReference "XMPPFramework" */;
			productName = XMPPFramework;
		};
		6C95B3FB2AA6F6CB00B28643 /* XMPPFrameworkSwift */ = {
			isa = XCSwiftPackageProductDependency;
			package = 6C95B3F82AA6F6CB00B28643 /* XCRemoteSwiftPackageReference "XMPPFramework" */;
			productName = XMPPFrameworkSwift;
		};
/* End XCSwiftPackageProductDependency section */
	};
	rootObject = 6C95B3DA2AA6F66700B28643 /* Project object */;
}
